
Microsoft Visual Studio Solution File, Format Version 12.00
# Visual Studio Version 17
VisualStudioVersion = 17.11.35219.272
MinimumVisualStudioVersion = 10.0.40219.1
Project("{FAE04EC0-301F-11D3-BF4B-00C04F79EFBC}") = "Portfolio", "Portfolio\Portfolio.csproj", "{35FAB6A9-F38E-42DE-B80A-CBF193C2726A}"
EndProject
Global
	GlobalSection(SolutionConfigurationPlatforms) = preSolution
		Debug|Any CPU = Debug|Any CPU
		Release|Any CPU = Release|Any CPU
	EndGlobalSection
	GlobalSection(ProjectConfigurationPlatforms) = postSolution
		{35FAB6A9-F38E-42DE-B80A-CBF193C2726A}.Debug|Any CPU.ActiveCfg = Debug|Any CPU
		{35FAB6A9-F38E-42DE-B80A-CBF193C2726A}.Debug|Any CPU.Build.0 = Debug|Any CPU
		{35FAB6A9-F38E-42DE-B80A-CBF193C2726A}.Release|Any CPU.ActiveCfg = Release|Any CPU
		{35FAB6A9-F38E-42DE-B80A-CBF193C2726A}.Release|Any CPU.Build.0 = Release|Any CPU
	EndGlobalSection
	GlobalSection(SolutionProperties) = preSolution
		HideSolutionNode = FALSE
	EndGlobalSection
	GlobalSection(ExtensibilityGlobals) = postSolution
		SolutionGuid = {186A6632-8229-4203-B801-7F9661F8ABC2}
	EndGlobalSection
EndGlobal
